
Microsoft Visual Studio Solution File, Format Version 12.00
# Visual Studio 14
VisualStudioVersion = 14.0.25420.1
MinimumVisualStudioVersion = 10.0.40219.1
Project("{FAE04EC0-301F-11D3-BF4B-00C04F79EFBC}") = "Taxes", "Taxes\Taxes.csproj", "{EFBE38A5-40D1-4F37-8AD9-AFA3C5866974}"
EndProject
Project("{FAE04EC0-301F-11D3-BF4B-00C04F79EFBC}") = "Taxes.Tests", "Taxes.Tests\Taxes.Tests.csproj", "{9146DC31-463F-47E5-BEB0-CCF8EA65CAD3}"
EndProject
Global
	GlobalSection(SolutionConfigurationPlatforms) = preSolution
		Debug|Any CPU = Debug|Any CPU
		Release|Any CPU = Release|Any CPU
	EndGlobalSection
	GlobalSection(ProjectConfigurationPlatforms) = postSolution
		{EFBE38A5-40D1-4F37-8AD9-AFA3C5866974}.Debug|Any CPU.ActiveCfg = Debug|Any CPU
		{EFBE38A5-40D1-4F37-8AD9-AFA3C5866974}.Debug|Any CPU.Build.0 = Debug|Any CPU
		{EFBE38A5-40D1-4F37-8AD9-AFA3C5866974}.Release|Any CPU.ActiveCfg = Release|Any CPU
		{EFBE38A5-40D1-4F37-8AD9-AFA3C5866974}.Release|Any CPU.Build.0 = Release|Any CPU
		{9146DC31-463F-47E5-BEB0-CCF8EA65CAD3}.Debug|Any CPU.ActiveCfg = Debug|Any CPU
		{9146DC31-463F-47E5-BEB0-CCF8EA65CAD3}.Debug|Any CPU.Build.0 = Debug|Any CPU
		{9146DC31-463F-47E5-BEB0-CCF8EA65CAD3}.Release|Any CPU.ActiveCfg = Release|Any CPU
		{9146DC31-463F-47E5-BEB0-CCF8EA65CAD3}.Release|Any CPU.Build.0 = Release|Any CPU
	EndGlobalSection
	GlobalSection(SolutionProperties) = preSolution
		HideSolutionNode = FALSE
	EndGlobalSection
EndGlobal
